
Microsoft Visual Studio Solution File, Format Version 12.00
# Visual Studio Version 17
VisualStudioVersion = 17.9.34728.123
MinimumVisualStudioVersion = 10.0.40219.1
Project("{9A19103F-16F7-4668-BE54-9A1E7A4F7556}") = "WASDMenuAPI", "WASDMenuAPI.csproj", "{0119D01B-2F71-4918-B638-795C423E143F}"
EndProject
Global
	GlobalSection(SolutionConfigurationPlatforms) = preSolution
		Debug|Any CPU = Debug|Any CPU
		Release|Any CPU = Release|Any CPU
	EndGlobalSection
	GlobalSection(ProjectConfigurationPlatforms) = postSolution
		{0119D01B-2F71-4918-B638-795C423E143F}.Debug|Any CPU.ActiveCfg = Debug|Any CPU
		{0119D01B-2F71-4918-B638-795C423E143F}.Debug|Any CPU.Build.0 = Debug|Any CPU
		{0119D01B-2F71-4918-B638-795C423E143F}.Release|Any CPU.ActiveCfg = Release|Any CPU
		{0119D01B-2F71-4918-B638-795C423E143F}.Release|Any CPU.Build.0 = Release|Any CPU
	EndGlobalSection
	GlobalSection(SolutionProperties) = preSolution
		HideSolutionNode = FALSE
	EndGlobalSection
	GlobalSection(ExtensibilityGlobals) = postSolution
		SolutionGuid = {33517EB0-9056-4518-864C-37D0AFF4124B}
	EndGlobalSection
EndGlobal
